
Microsoft Visual Studio Solution File, Format Version 12.00
# Visual Studio Version 17
VisualStudioVersion = 17.4.33122.133
MinimumVisualStudioVersion = 10.0.40219.1
Project("{FAE04EC0-301F-11D3-BF4B-00C04F79EFBC}") = "Vee Tailoring", "Vee Tailoring.csproj", "{297227D6-476F-4F9A-A9AF-BEE2DFF6599E}"
EndProject
Global
	GlobalSection(SolutionConfigurationPlatforms) = preSolution
		Debug|Any CPU = Debug|Any CPU
		Release|Any CPU = Release|Any CPU
	EndGlobalSection
	GlobalSection(ProjectConfigurationPlatforms) = postSolution
		{297227D6-476F-4F9A-A9AF-BEE2DFF6599E}.Debug|Any CPU.ActiveCfg = Debug|Any CPU
		{297227D6-476F-4F9A-A9AF-BEE2DFF6599E}.Debug|Any CPU.Build.0 = Debug|Any CPU
		{297227D6-476F-4F9A-A9AF-BEE2DFF6599E}.Release|Any CPU.ActiveCfg = Release|Any CPU
		{297227D6-476F-4F9A-A9AF-BEE2DFF6599E}.Release|Any CPU.Build.0 = Release|Any CPU
	EndGlobalSection
	GlobalSection(SolutionProperties) = preSolution
		HideSolutionNode = FALSE
	EndGlobalSection
	GlobalSection(ExtensibilityGlobals) = postSolution
		SolutionGuid = {7ABD0B83-834E-4B7B-B5A3-D358F93AF761}
	EndGlobalSection
EndGlobal
